
Microsoft Visual Studio Solution File, Format Version 12.00
# Visual Studio 2013
VisualStudioVersion = 12.0.40629.0
MinimumVisualStudioVersion = 10.0.40219.1
Project("{2150E333-8FDC-42A3-9474-1A3956D46DE8}") = "test", "test", "{B13F7415-4732-4C59-B39D-0970D4B4530A}"
EndProject
Project("{FAE04EC0-301F-11D3-BF4B-00C04F79EFBC}") = "01 复习", "01 复习\01 复习.csproj", "{ABD5146C-74DD-4C92-A5FC-27FAE6CC85A4}"
EndProject
Project("{FAE04EC0-301F-11D3-BF4B-00C04F79EFBC}") = "CaterUI", "CaterUI\CaterUI.csproj", "{68EECD4B-0B4B-43D3-B105-2BCD8D99D5D5}"
EndProject
Project("{FAE04EC0-301F-11D3-BF4B-00C04F79EFBC}") = "CaterBll", "CaterBll\CaterBll.csproj", "{CFB24541-A686-42BA-85B9-00B21868C091}"
EndProject
Project("{FAE04EC0-301F-11D3-BF4B-00C04F79EFBC}") = "CaterDal", "CaterDal\CaterDal.csproj", "{C7396D03-7D28-4F40-9F3D-5D632D63A174}"
EndProject
Project("{FAE04EC0-301F-11D3-BF4B-00C04F79EFBC}") = "CaterModel", "CaterModel\CaterModel.csproj", "{1C8D7FB2-BFBE-4623-8748-06356E0F8E41}"
EndProject
Project("{FAE04EC0-301F-11D3-BF4B-00C04F79EFBC}") = "CaterCommon", "CaterCommon\CaterCommon.csproj", "{D332FFAE-099D-4DC2-BB3E-39146DE01B57}"
EndProject
Global
	GlobalSection(SolutionConfigurationPlatforms) = preSolution
		Debug|Any CPU = Debug|Any CPU
		Release|Any CPU = Release|Any CPU
	EndGlobalSection
	GlobalSection(ProjectConfigurationPlatforms) = postSolution
		{ABD5146C-74DD-4C92-A5FC-27FAE6CC85A4}.Debug|Any CPU.ActiveCfg = Debug|Any CPU
		{ABD5146C-74DD-4C92-A5FC-27FAE6CC85A4}.Debug|Any CPU.Build.0 = Debug|Any CPU
		{ABD5146C-74DD-4C92-A5FC-27FAE6CC85A4}.Release|Any CPU.ActiveCfg = Release|Any CPU
		{ABD5146C-74DD-4C92-A5FC-27FAE6CC85A4}.Release|Any CPU.Build.0 = Release|Any CPU
		{68EECD4B-0B4B-43D3-B105-2BCD8D99D5D5}.Debug|Any CPU.ActiveCfg = Debug|Any CPU
		{68EECD4B-0B4B-43D3-B105-2BCD8D99D5D5}.Debug|Any CPU.Build.0 = Debug|Any CPU
		{68EECD4B-0B4B-43D3-B105-2BCD8D99D5D5}.Release|Any CPU.ActiveCfg = Release|Any CPU
		{68EECD4B-0B4B-43D3-B105-2BCD8D99D5D5}.Release|Any CPU.Build.0 = Release|Any CPU
		{CFB24541-A686-42BA-85B9-00B21868C091}.Debug|Any CPU.ActiveCfg = Debug|Any CPU
		{CFB24541-A686-42BA-85B9-00B21868C091}.Debug|Any CPU.Build.0 = Debug|Any CPU
		{CFB24541-A686-42BA-85B9-00B21868C091}.Release|Any CPU.ActiveCfg = Release|Any CPU
		{CFB24541-A686-42BA-85B9-00B21868C091}.Release|Any CPU.Build.0 = Release|Any CPU
		{C7396D03-7D28-4F40-9F3D-5D632D63A174}.Debug|Any CPU.ActiveCfg = Debug|Any CPU
		{C7396D03-7D28-4F40-9F3D-5D632D63A174}.Debug|Any CPU.Build.0 = Debug|Any CPU
		{C7396D03-7D28-4F40-9F3D-5D632D63A174}.Release|Any CPU.ActiveCfg = Release|Any CPU
		{C7396D03-7D28-4F40-9F3D-5D632D63A174}.Release|Any CPU.Build.0 = Release|Any CPU
		{1C8D7FB2-BFBE-4623-8748-06356E0F8E41}.Debug|Any CPU.ActiveCfg = Debug|Any CPU
		{1C8D7FB2-BFBE-4623-8748-06356E0F8E41}.Debug|Any CPU.Build.0 = Debug|Any CPU
		{1C8D7FB2-BFBE-4623-8748-06356E0F8E41}.Release|Any CPU.ActiveCfg = Release|Any CPU
		{1C8D7FB2-BFBE-4623-8748-06356E0F8E41}.Release|Any CPU.Build.0 = Release|Any CPU
		{D332FFAE-099D-4DC2-BB3E-39146DE01B57}.Debug|Any CPU.ActiveCfg = Debug|Any CPU
		{D332FFAE-099D-4DC2-BB3E-39146DE01B57}.Debug|Any CPU.Build.0 = Debug|Any CPU
		{D332FFAE-099D-4DC2-BB3E-39146DE01B57}.Release|Any CPU.ActiveCfg = Release|Any CPU
		{D332FFAE-099D-4DC2-BB3E-39146DE01B57}.Release|Any CPU.Build.0 = Release|Any CPU
	EndGlobalSection
	GlobalSection(SolutionProperties) = preSolution
		HideSolutionNode = FALSE
	EndGlobalSection
	GlobalSection(NestedProjects) = preSolution
		{ABD5146C-74DD-4C92-A5FC-27FAE6CC85A4} = {B13F7415-4732-4C59-B39D-0970D4B4530A}
	EndGlobalSection
EndGlobal
